{
  "version": 4,
  "terraform_version": "1.3.5",
  "serial": 275,
  "lineage": "60c1a974-453c-2c63-0af4-65aaf1d024f4",
  "outputs": {},
  "resources": [
    {
      "module": "module.infrastructure",
      "mode": "data",
      "type": "aws_iam_role",
      "name": "ecs_task_execution_role",
      "provider": "module.infrastructure.provider[\"registry.terraform.io/hashicorp/aws\"]",
      "instances": [
        {
          "schema_version": 0,
          "attributes": {
            "arn": "arn:aws:iam::159084421067:role/ecsTaskExecutionRole",
            "assume_role_policy": "{\"Version\":\"2008-10-17\",\"Statement\":[{\"Sid\":\"\",\"Effect\":\"Allow\",\"Principal\":{\"Service\":\"ecs-tasks.amazonaws.com\"},\"Action\":\"sts:AssumeRole\"}]}",
            "create_date": "2022-11-19T02:00:47Z",
            "description": "",
            "id": "ecsTaskExecutionRole",
            "max_session_duration": 3600,
            "name": "ecsTaskExecutionRole",
            "path": "/",
            "permissions_boundary": "",
            "tags": {},
            "unique_id": "AROASKCRLT7FSPSEWBN4G"
          },
          "sensitive_attributes": []
        }
      ]
    },
    {
      "module": "module.infrastructure",
      "mode": "managed",
      "type": "aws_ecr_repository",
      "name": "postgres-ecr",
      "provider": "module.infrastructure.provider[\"registry.terraform.io/hashicorp/aws\"]",
      "instances": [
        {
          "schema_version": 0,
          "attributes": {
            "arn": "arn:aws:ecr:us-east-1:159084421067:repository/outline-postgres",
            "encryption_configuration": [
              {
                "encryption_type": "AES256",
                "kms_key": ""
              }
            ],
            "force_delete": null,
            "id": "outline-postgres",
            "image_scanning_configuration": [
              {
                "scan_on_push": false
              }
            ],
            "image_tag_mutability": "MUTABLE",
            "name": "outline-postgres",
            "registry_id": "159084421067",
            "repository_url": "159084421067.dkr.ecr.us-east-1.amazonaws.com/outline-postgres",
            "tags": null,
            "tags_all": {},
            "timeouts": null
          },
          "sensitive_attributes": [],
          "private": "eyJlMmJmYjczMC1lY2FhLTExZTYtOGY4OC0zNDM2M2JjN2M0YzAiOnsiZGVsZXRlIjoxMjAwMDAwMDAwMDAwfX0="
        }
      ]
    },
    {
      "module": "module.infrastructure",
      "mode": "managed",
      "type": "aws_ecs_service",
      "name": "ecs_service",
      "provider": "module.infrastructure.provider[\"registry.terraform.io/hashicorp/aws\"]",
      "instances": [
        {
          "schema_version": 0,
          "attributes": {
            "capacity_provider_strategy": [],
            "cluster": "arn:aws:ecs:us-east-1:159084421067:cluster/outline-cluster",
            "deployment_circuit_breaker": [
              {
                "enable": false,
                "rollback": false
              }
            ],
            "deployment_controller": [
              {
                "type": "ECS"
              }
            ],
            "deployment_maximum_percent": 200,
            "deployment_minimum_healthy_percent": 100,
            "desired_count": 1,
            "enable_ecs_managed_tags": false,
            "enable_execute_command": false,
            "force_new_deployment": null,
            "health_check_grace_period_seconds": 0,
            "iam_role": "aws-service-role",
            "id": "arn:aws:ecs:us-east-1:159084421067:service/outline-cluster/postgres-outline-service",
            "launch_type": "",
            "load_balancer": [],
            "name": "postgres-outline-service",
            "network_configuration": [
              {
                "assign_public_ip": true,
                "security_groups": [
                  "sg-02b2fb8c0ab2abcda"
                ],
                "subnets": [
                  "subnet-007c31e686f65ecee",
                  "subnet-020d2a227a52b4c0d",
                  "subnet-0b56533e4bfa4f741"
                ]
              }
            ],
            "ordered_placement_strategy": [],
            "placement_constraints": [],
            "platform_version": "LATEST",
            "propagate_tags": "NONE",
            "scheduling_strategy": "REPLICA",
            "service_registries": [],
            "tags": null,
            "tags_all": {},
            "task_definition": "arn:aws:ecs:us-east-1:159084421067:task-definition/postgres-outline-task:4",
            "timeouts": null,
            "triggers": {},
            "wait_for_steady_state": false
          },
          "sensitive_attributes": [],
          "private": "eyJlMmJmYjczMC1lY2FhLTExZTYtOGY4OC0zNDM2M2JjN2M0YzAiOnsiY3JlYXRlIjoxMjAwMDAwMDAwMDAwLCJkZWxldGUiOjEyMDAwMDAwMDAwMDAsInVwZGF0ZSI6MTIwMDAwMDAwMDAwMH19",
          "dependencies": [
            "module.infrastructure.aws_ecr_repository.postgres-ecr",
            "module.infrastructure.aws_ecs_task_definition.task_definition",
            "module.infrastructure.aws_security_group.security_group",
            "module.infrastructure.data.aws_iam_role.ecs_task_execution_role",
            "module.infrastructure.module.ecs.aws_ecs_cluster.this",
            "module.infrastructure.module.vpc.aws_subnet.private",
            "module.infrastructure.module.vpc.aws_vpc.this",
            "module.infrastructure.module.vpc.aws_vpc_ipv4_cidr_block_association.this"
          ]
        }
      ]
    },
    {
      "module": "module.infrastructure",
      "mode": "managed",
      "type": "aws_ecs_task_definition",
      "name": "task_definition",
      "provider": "module.infrastructure.provider[\"registry.terraform.io/hashicorp/aws\"]",
      "instances": [
        {
          "schema_version": 1,
          "attributes": {
            "arn": "arn:aws:ecs:us-east-1:159084421067:task-definition/postgres-outline-task:4",
            "container_definitions": "[{\"cpu\":256,\"environment\":[],\"essential\":true,\"image\":\"159084421067.dkr.ecr.us-east-1.amazonaws.com/outline-postgres:latest\",\"memory\":512,\"mountPoints\":[],\"name\":\"ecs\",\"portMappings\":[{\"containerPort\":5432,\"hostPort\":5432,\"protocol\":\"tcp\"}],\"volumesFrom\":[]}]",
            "cpu": "256",
            "ephemeral_storage": [],
            "execution_role_arn": "arn:aws:iam::159084421067:role/ecsTaskExecutionRole",
            "family": "postgres-outline-task",
            "id": "postgres-outline-task",
            "inference_accelerator": [],
            "ipc_mode": "",
            "memory": "512",
            "network_mode": "awsvpc",
            "pid_mode": "",
            "placement_constraints": [],
            "proxy_configuration": [],
            "requires_compatibilities": [
              "FARGATE"
            ],
            "revision": 4,
            "runtime_platform": [],
            "skip_destroy": false,
            "tags": null,
            "tags_all": {},
            "task_role_arn": "",
            "volume": []
          },
          "sensitive_attributes": [],
          "private": "eyJzY2hlbWFfdmVyc2lvbiI6IjEifQ==",
          "dependencies": [
            "module.infrastructure.aws_ecr_repository.postgres-ecr",
            "module.infrastructure.data.aws_iam_role.ecs_task_execution_role"
          ]
        }
      ]
    },
    {
      "module": "module.infrastructure",
      "mode": "managed",
      "type": "aws_security_group",
      "name": "security_group",
      "provider": "module.infrastructure.provider[\"registry.terraform.io/hashicorp/aws\"]",
      "instances": [
        {
          "schema_version": 1,
          "attributes": {
            "arn": "arn:aws:ec2:us-east-1:159084421067:security-group/sg-02b2fb8c0ab2abcda",
            "description": "Managed by Terraform",
            "egress": [],
            "id": "sg-02b2fb8c0ab2abcda",
            "ingress": [
              {
                "cidr_blocks": [
                  "0.0.0.0/0"
                ],
                "description": "outline-sg",
                "from_port": 5432,
                "ipv6_cidr_blocks": [],
                "prefix_list_ids": [],
                "protocol": "tcp",
                "security_groups": [],
                "self": false,
                "to_port": 5432
              }
            ],
            "name": "outline-sg",
            "name_prefix": "",
            "owner_id": "159084421067",
            "revoke_rules_on_delete": false,
            "tags": {
              "Name": "outline-sg"
            },
            "tags_all": {
              "Name": "outline-sg"
            },
            "timeouts": null,
            "vpc_id": "vpc-06c50e2c4ff65f812"
          },
          "sensitive_attributes": [],
          "private": "eyJlMmJmYjczMC1lY2FhLTExZTYtOGY4OC0zNDM2M2JjN2M0YzAiOnsiY3JlYXRlIjo2MDAwMDAwMDAwMDAsImRlbGV0ZSI6OTAwMDAwMDAwMDAwfSwic2NoZW1hX3ZlcnNpb24iOiIxIn0=",
          "dependencies": [
            "module.infrastructure.module.vpc.aws_vpc.this"
          ]
        }
      ]
    },
    {
      "module": "module.infrastructure",
      "mode": "managed",
      "type": "null_resource",
      "name": "build_image",
      "provider": "provider[\"registry.terraform.io/hashicorp/null\"]",
      "instances": [
        {
          "schema_version": 0,
          "attributes": {
            "id": "9123245157885353612",
            "triggers": null
          },
          "sensitive_attributes": [],
          "dependencies": [
            "module.infrastructure.aws_ecr_repository.postgres-ecr",
            "module.infrastructure.null_resource.docker_login_aws"
          ]
        }
      ]
    },
    {
      "module": "module.infrastructure",
      "mode": "managed",
      "type": "null_resource",
      "name": "docker_login_aws",
      "provider": "provider[\"registry.terraform.io/hashicorp/null\"]",
      "instances": [
        {
          "schema_version": 0,
          "attributes": {
            "id": "7526826678502947339",
            "triggers": null
          },
          "sensitive_attributes": [],
          "dependencies": [
            "module.infrastructure.aws_ecr_repository.postgres-ecr"
          ]
        }
      ]
    },
    {
      "module": "module.infrastructure",
      "mode": "managed",
      "type": "null_resource",
      "name": "push_image",
      "provider": "provider[\"registry.terraform.io/hashicorp/null\"]",
      "instances": [
        {
          "status": "tainted",
          "schema_version": 0,
          "attributes": {
            "id": "712870069837408112",
            "triggers": null
          },
          "sensitive_attributes": [],
          "dependencies": [
            "module.infrastructure.aws_ecr_repository.postgres-ecr",
            "module.infrastructure.null_resource.build_image",
            "module.infrastructure.null_resource.docker_login_aws",
            "module.infrastructure.null_resource.tag_image"
          ]
        }
      ]
    },
    {
      "module": "module.infrastructure",
      "mode": "managed",
      "type": "null_resource",
      "name": "tag_image",
      "provider": "provider[\"registry.terraform.io/hashicorp/null\"]",
      "instances": [
        {
          "schema_version": 0,
          "attributes": {
            "id": "3821956593738633386",
            "triggers": null
          },
          "sensitive_attributes": [],
          "dependencies": [
            "module.infrastructure.aws_ecr_repository.postgres-ecr",
            "module.infrastructure.null_resource.build_image",
            "module.infrastructure.null_resource.docker_login_aws"
          ]
        }
      ]
    },
    {
      "module": "module.infrastructure.module.ecs",
      "mode": "managed",
      "type": "aws_ecs_cluster",
      "name": "this",
      "provider": "module.infrastructure.provider[\"registry.terraform.io/hashicorp/aws\"]",
      "instances": [
        {
          "index_key": 0,
          "schema_version": 0,
          "attributes": {
            "arn": "arn:aws:ecs:us-east-1:159084421067:cluster/outline-cluster",
            "capacity_providers": [],
            "configuration": [
              {
                "execute_command_configuration": [
                  {
                    "kms_key_id": "",
                    "log_configuration": [
                      {
                        "cloud_watch_encryption_enabled": false,
                        "cloud_watch_log_group_name": "/aws/ecs/aws-ec2",
                        "s3_bucket_encryption_enabled": false,
                        "s3_bucket_name": "",
                        "s3_key_prefix": ""
                      }
                    ],
                    "logging": "OVERRIDE"
                  }
                ]
              }
            ],
            "default_capacity_provider_strategy": [],
            "id": "arn:aws:ecs:us-east-1:159084421067:cluster/outline-cluster",
            "name": "outline-cluster",
            "setting": [
              {
                "name": "containerInsights",
                "value": "enabled"
              }
            ],
            "tags": null,
            "tags_all": {}
          },
          "sensitive_attributes": [],
          "private": "bnVsbA=="
        }
      ]
    },
    {
      "module": "module.infrastructure.module.ecs",
      "mode": "managed",
      "type": "aws_ecs_cluster_capacity_providers",
      "name": "this",
      "provider": "module.infrastructure.provider[\"registry.terraform.io/hashicorp/aws\"]",
      "instances": [
        {
          "index_key": 0,
          "schema_version": 0,
          "attributes": {
            "capacity_providers": [
              "FARGATE"
            ],
            "cluster_name": "outline-cluster",
            "default_capacity_provider_strategy": [
              {
                "base": 0,
                "capacity_provider": "FARGATE",
                "weight": 1
              }
            ],
            "id": "outline-cluster"
          },
          "sensitive_attributes": [],
          "private": "bnVsbA==",
          "dependencies": [
            "module.infrastructure.module.ecs.aws_ecs_capacity_provider.this",
            "module.infrastructure.module.ecs.aws_ecs_cluster.this"
          ]
        }
      ]
    },
    {
      "module": "module.infrastructure.module.vpc",
      "mode": "managed",
      "type": "aws_internet_gateway",
      "name": "this",
      "provider": "module.infrastructure.provider[\"registry.terraform.io/hashicorp/aws\"]",
      "instances": [
        {
          "index_key": 0,
          "schema_version": 0,
          "attributes": {
            "arn": "arn:aws:ec2:us-east-1:159084421067:internet-gateway/igw-02ca620dafad26fce",
            "id": "igw-02ca620dafad26fce",
            "owner_id": "159084421067",
            "tags": {
              "Name": "vpc-ecs"
            },
            "tags_all": {
              "Name": "vpc-ecs"
            },
            "timeouts": null,
            "vpc_id": "vpc-06c50e2c4ff65f812"
          },
          "sensitive_attributes": [],
          "private": "eyJlMmJmYjczMC1lY2FhLTExZTYtOGY4OC0zNDM2M2JjN2M0YzAiOnsiY3JlYXRlIjoxMjAwMDAwMDAwMDAwLCJkZWxldGUiOjEyMDAwMDAwMDAwMDAsInVwZGF0ZSI6MTIwMDAwMDAwMDAwMH19",
          "dependencies": [
            "module.infrastructure.module.vpc.aws_vpc.this",
            "module.infrastructure.module.vpc.aws_vpc_ipv4_cidr_block_association.this"
          ]
        }
      ]
    },
    {
      "module": "module.infrastructure.module.vpc",
      "mode": "managed",
      "type": "aws_route",
      "name": "public_internet_gateway",
      "provider": "module.infrastructure.provider[\"registry.terraform.io/hashicorp/aws\"]",
      "instances": [
        {
          "index_key": 0,
          "schema_version": 0,
          "attributes": {
            "carrier_gateway_id": "",
            "core_network_arn": "",
            "destination_cidr_block": "0.0.0.0/0",
            "destination_ipv6_cidr_block": "",
            "destination_prefix_list_id": "",
            "egress_only_gateway_id": "",
            "gateway_id": "igw-02ca620dafad26fce",
            "id": "r-rtb-0a61c2f6e7803497f1080289494",
            "instance_id": "",
            "instance_owner_id": "",
            "local_gateway_id": "",
            "nat_gateway_id": "",
            "network_interface_id": "",
            "origin": "CreateRoute",
            "route_table_id": "rtb-0a61c2f6e7803497f",
            "state": "active",
            "timeouts": {
              "create": "5m",
              "delete": null,
              "update": null
            },
            "transit_gateway_id": "",
            "vpc_endpoint_id": "",
            "vpc_peering_connection_id": ""
          },
          "sensitive_attributes": [],
          "private": "eyJlMmJmYjczMC1lY2FhLTExZTYtOGY4OC0zNDM2M2JjN2M0YzAiOnsiY3JlYXRlIjozMDAwMDAwMDAwMDAsImRlbGV0ZSI6MzAwMDAwMDAwMDAwLCJ1cGRhdGUiOjEyMDAwMDAwMDAwMH19",
          "dependencies": [
            "module.infrastructure.module.vpc.aws_internet_gateway.this",
            "module.infrastructure.module.vpc.aws_route_table.public",
            "module.infrastructure.module.vpc.aws_vpc.this",
            "module.infrastructure.module.vpc.aws_vpc_ipv4_cidr_block_association.this"
          ]
        }
      ]
    },
    {
      "module": "module.infrastructure.module.vpc",
      "mode": "managed",
      "type": "aws_route_table",
      "name": "private",
      "provider": "module.infrastructure.provider[\"registry.terraform.io/hashicorp/aws\"]",
      "instances": [
        {
          "index_key": 0,
          "schema_version": 0,
          "attributes": {
            "arn": "arn:aws:ec2:us-east-1:159084421067:route-table/rtb-0722ac86da63bb14f",
            "id": "rtb-0722ac86da63bb14f",
            "owner_id": "159084421067",
            "propagating_vgws": [],
            "route": [],
            "tags": {
              "Name": "vpc-ecs-private-us-east-1a"
            },
            "tags_all": {
              "Name": "vpc-ecs-private-us-east-1a"
            },
            "timeouts": null,
            "vpc_id": "vpc-06c50e2c4ff65f812"
          },
          "sensitive_attributes": [],
          "private": "eyJlMmJmYjczMC1lY2FhLTExZTYtOGY4OC0zNDM2M2JjN2M0YzAiOnsiY3JlYXRlIjozMDAwMDAwMDAwMDAsImRlbGV0ZSI6MzAwMDAwMDAwMDAwLCJ1cGRhdGUiOjEyMDAwMDAwMDAwMH19",
          "dependencies": [
            "module.infrastructure.module.vpc.aws_vpc.this",
            "module.infrastructure.module.vpc.aws_vpc_ipv4_cidr_block_association.this"
          ]
        },
        {
          "index_key": 1,
          "schema_version": 0,
          "attributes": {
            "arn": "arn:aws:ec2:us-east-1:159084421067:route-table/rtb-03880c02ebe0a4554",
            "id": "rtb-03880c02ebe0a4554",
            "owner_id": "159084421067",
            "propagating_vgws": [],
            "route": [],
            "tags": {
              "Name": "vpc-ecs-private-us-east-1b"
            },
            "tags_all": {
              "Name": "vpc-ecs-private-us-east-1b"
            },
            "timeouts": null,
            "vpc_id": "vpc-06c50e2c4ff65f812"
          },
          "sensitive_attributes": [],
          "private": "eyJlMmJmYjczMC1lY2FhLTExZTYtOGY4OC0zNDM2M2JjN2M0YzAiOnsiY3JlYXRlIjozMDAwMDAwMDAwMDAsImRlbGV0ZSI6MzAwMDAwMDAwMDAwLCJ1cGRhdGUiOjEyMDAwMDAwMDAwMH19",
          "dependencies": [
            "module.infrastructure.module.vpc.aws_vpc.this",
            "module.infrastructure.module.vpc.aws_vpc_ipv4_cidr_block_association.this"
          ]
        },
        {
          "index_key": 2,
          "schema_version": 0,
          "attributes": {
            "arn": "arn:aws:ec2:us-east-1:159084421067:route-table/rtb-05c714d61f751021a",
            "id": "rtb-05c714d61f751021a",
            "owner_id": "159084421067",
            "propagating_vgws": [],
            "route": [],
            "tags": {
              "Name": "vpc-ecs-private-us-east-1c"
            },
            "tags_all": {
              "Name": "vpc-ecs-private-us-east-1c"
            },
            "timeouts": null,
            "vpc_id": "vpc-06c50e2c4ff65f812"
          },
          "sensitive_attributes": [],
          "private": "eyJlMmJmYjczMC1lY2FhLTExZTYtOGY4OC0zNDM2M2JjN2M0YzAiOnsiY3JlYXRlIjozMDAwMDAwMDAwMDAsImRlbGV0ZSI6MzAwMDAwMDAwMDAwLCJ1cGRhdGUiOjEyMDAwMDAwMDAwMH19",
          "dependencies": [
            "module.infrastructure.module.vpc.aws_vpc.this",
            "module.infrastructure.module.vpc.aws_vpc_ipv4_cidr_block_association.this"
          ]
        }
      ]
    },
    {
      "module": "module.infrastructure.module.vpc",
      "mode": "managed",
      "type": "aws_route_table",
      "name": "public",
      "provider": "module.infrastructure.provider[\"registry.terraform.io/hashicorp/aws\"]",
      "instances": [
        {
          "index_key": 0,
          "schema_version": 0,
          "attributes": {
            "arn": "arn:aws:ec2:us-east-1:159084421067:route-table/rtb-0a61c2f6e7803497f",
            "id": "rtb-0a61c2f6e7803497f",
            "owner_id": "159084421067",
            "propagating_vgws": [],
            "route": [],
            "tags": {
              "Name": "vpc-ecs-public"
            },
            "tags_all": {
              "Name": "vpc-ecs-public"
            },
            "timeouts": null,
            "vpc_id": "vpc-06c50e2c4ff65f812"
          },
          "sensitive_attributes": [],
          "private": "eyJlMmJmYjczMC1lY2FhLTExZTYtOGY4OC0zNDM2M2JjN2M0YzAiOnsiY3JlYXRlIjozMDAwMDAwMDAwMDAsImRlbGV0ZSI6MzAwMDAwMDAwMDAwLCJ1cGRhdGUiOjEyMDAwMDAwMDAwMH19",
          "dependencies": [
            "module.infrastructure.module.vpc.aws_vpc.this",
            "module.infrastructure.module.vpc.aws_vpc_ipv4_cidr_block_association.this"
          ]
        }
      ]
    },
    {
      "module": "module.infrastructure.module.vpc",
      "mode": "managed",
      "type": "aws_route_table_association",
      "name": "private",
      "provider": "module.infrastructure.provider[\"registry.terraform.io/hashicorp/aws\"]",
      "instances": [
        {
          "index_key": 0,
          "schema_version": 0,
          "attributes": {
            "gateway_id": "",
            "id": "rtbassoc-0130254f30b4b68ce",
            "route_table_id": "rtb-0722ac86da63bb14f",
            "subnet_id": "subnet-020d2a227a52b4c0d"
          },
          "sensitive_attributes": [],
          "private": "bnVsbA==",
          "dependencies": [
            "module.infrastructure.module.vpc.aws_route_table.private",
            "module.infrastructure.module.vpc.aws_subnet.private",
            "module.infrastructure.module.vpc.aws_vpc.this",
            "module.infrastructure.module.vpc.aws_vpc_ipv4_cidr_block_association.this"
          ]
        },
        {
          "index_key": 1,
          "schema_version": 0,
          "attributes": {
            "gateway_id": "",
            "id": "rtbassoc-0effae09a14aaf744",
            "route_table_id": "rtb-03880c02ebe0a4554",
            "subnet_id": "subnet-007c31e686f65ecee"
          },
          "sensitive_attributes": [],
          "private": "bnVsbA==",
          "dependencies": [
            "module.infrastructure.module.vpc.aws_route_table.private",
            "module.infrastructure.module.vpc.aws_subnet.private",
            "module.infrastructure.module.vpc.aws_vpc.this",
            "module.infrastructure.module.vpc.aws_vpc_ipv4_cidr_block_association.this"
          ]
        },
        {
          "index_key": 2,
          "schema_version": 0,
          "attributes": {
            "gateway_id": "",
            "id": "rtbassoc-0898b3c323bbfc54d",
            "route_table_id": "rtb-05c714d61f751021a",
            "subnet_id": "subnet-0b56533e4bfa4f741"
          },
          "sensitive_attributes": [],
          "private": "bnVsbA==",
          "dependencies": [
            "module.infrastructure.module.vpc.aws_route_table.private",
            "module.infrastructure.module.vpc.aws_subnet.private",
            "module.infrastructure.module.vpc.aws_vpc.this",
            "module.infrastructure.module.vpc.aws_vpc_ipv4_cidr_block_association.this"
          ]
        }
      ]
    },
    {
      "module": "module.infrastructure.module.vpc",
      "mode": "managed",
      "type": "aws_route_table_association",
      "name": "public",
      "provider": "module.infrastructure.provider[\"registry.terraform.io/hashicorp/aws\"]",
      "instances": [
        {
          "index_key": 0,
          "schema_version": 0,
          "attributes": {
            "gateway_id": "",
            "id": "rtbassoc-08ec0e93964801a26",
            "route_table_id": "rtb-0a61c2f6e7803497f",
            "subnet_id": "subnet-026e0f159c51c53b1"
          },
          "sensitive_attributes": [],
          "private": "bnVsbA==",
          "dependencies": [
            "module.infrastructure.module.vpc.aws_route_table.public",
            "module.infrastructure.module.vpc.aws_subnet.public",
            "module.infrastructure.module.vpc.aws_vpc.this",
            "module.infrastructure.module.vpc.aws_vpc_ipv4_cidr_block_association.this"
          ]
        },
        {
          "index_key": 1,
          "schema_version": 0,
          "attributes": {
            "gateway_id": "",
            "id": "rtbassoc-0ca8aec699a825c28",
            "route_table_id": "rtb-0a61c2f6e7803497f",
            "subnet_id": "subnet-0607cdc2e8412e94c"
          },
          "sensitive_attributes": [],
          "private": "bnVsbA==",
          "dependencies": [
            "module.infrastructure.module.vpc.aws_route_table.public",
            "module.infrastructure.module.vpc.aws_subnet.public",
            "module.infrastructure.module.vpc.aws_vpc.this",
            "module.infrastructure.module.vpc.aws_vpc_ipv4_cidr_block_association.this"
          ]
        },
        {
          "index_key": 2,
          "schema_version": 0,
          "attributes": {
            "gateway_id": "",
            "id": "rtbassoc-055ea582ef703dab3",
            "route_table_id": "rtb-0a61c2f6e7803497f",
            "subnet_id": "subnet-0fc537fc31e90b3e8"
          },
          "sensitive_attributes": [],
          "private": "bnVsbA==",
          "dependencies": [
            "module.infrastructure.module.vpc.aws_route_table.public",
            "module.infrastructure.module.vpc.aws_subnet.public",
            "module.infrastructure.module.vpc.aws_vpc.this",
            "module.infrastructure.module.vpc.aws_vpc_ipv4_cidr_block_association.this"
          ]
        }
      ]
    },
    {
      "module": "module.infrastructure.module.vpc",
      "mode": "managed",
      "type": "aws_subnet",
      "name": "private",
      "provider": "module.infrastructure.provider[\"registry.terraform.io/hashicorp/aws\"]",
      "instances": [
        {
          "index_key": 0,
          "schema_version": 1,
          "attributes": {
            "arn": "arn:aws:ec2:us-east-1:159084421067:subnet/subnet-020d2a227a52b4c0d",
            "assign_ipv6_address_on_creation": false,
            "availability_zone": "us-east-1a",
            "availability_zone_id": "use1-az6",
            "cidr_block": "10.0.1.0/24",
            "customer_owned_ipv4_pool": "",
            "enable_dns64": false,
            "enable_resource_name_dns_a_record_on_launch": false,
            "enable_resource_name_dns_aaaa_record_on_launch": false,
            "id": "subnet-020d2a227a52b4c0d",
            "ipv6_cidr_block": "",
            "ipv6_cidr_block_association_id": "",
            "ipv6_native": false,
            "map_customer_owned_ip_on_launch": false,
            "map_public_ip_on_launch": false,
            "outpost_arn": "",
            "owner_id": "159084421067",
            "private_dns_hostname_type_on_launch": "ip-name",
            "tags": {
              "Name": "vpc-ecs-private-us-east-1a"
            },
            "tags_all": {
              "Name": "vpc-ecs-private-us-east-1a"
            },
            "timeouts": null,
            "vpc_id": "vpc-06c50e2c4ff65f812"
          },
          "sensitive_attributes": [],
          "private": "eyJlMmJmYjczMC1lY2FhLTExZTYtOGY4OC0zNDM2M2JjN2M0YzAiOnsiY3JlYXRlIjo2MDAwMDAwMDAwMDAsImRlbGV0ZSI6MTIwMDAwMDAwMDAwMH0sInNjaGVtYV92ZXJzaW9uIjoiMSJ9",
          "dependencies": [
            "module.infrastructure.module.vpc.aws_vpc.this",
            "module.infrastructure.module.vpc.aws_vpc_ipv4_cidr_block_association.this"
          ]
        },
        {
          "index_key": 1,
          "schema_version": 1,
          "attributes": {
            "arn": "arn:aws:ec2:us-east-1:159084421067:subnet/subnet-007c31e686f65ecee",
            "assign_ipv6_address_on_creation": false,
            "availability_zone": "us-east-1b",
            "availability_zone_id": "use1-az1",
            "cidr_block": "10.0.2.0/24",
            "customer_owned_ipv4_pool": "",
            "enable_dns64": false,
            "enable_resource_name_dns_a_record_on_launch": false,
            "enable_resource_name_dns_aaaa_record_on_launch": false,
            "id": "subnet-007c31e686f65ecee",
            "ipv6_cidr_block": "",
            "ipv6_cidr_block_association_id": "",
            "ipv6_native": false,
            "map_customer_owned_ip_on_launch": false,
            "map_public_ip_on_launch": false,
            "outpost_arn": "",
            "owner_id": "159084421067",
            "private_dns_hostname_type_on_launch": "ip-name",
            "tags": {
              "Name": "vpc-ecs-private-us-east-1b"
            },
            "tags_all": {
              "Name": "vpc-ecs-private-us-east-1b"
            },
            "timeouts": null,
            "vpc_id": "vpc-06c50e2c4ff65f812"
          },
          "sensitive_attributes": [],
          "private": "eyJlMmJmYjczMC1lY2FhLTExZTYtOGY4OC0zNDM2M2JjN2M0YzAiOnsiY3JlYXRlIjo2MDAwMDAwMDAwMDAsImRlbGV0ZSI6MTIwMDAwMDAwMDAwMH0sInNjaGVtYV92ZXJzaW9uIjoiMSJ9",
          "dependencies": [
            "module.infrastructure.module.vpc.aws_vpc.this",
            "module.infrastructure.module.vpc.aws_vpc_ipv4_cidr_block_association.this"
          ]
        },
        {
          "index_key": 2,
          "schema_version": 1,
          "attributes": {
            "arn": "arn:aws:ec2:us-east-1:159084421067:subnet/subnet-0b56533e4bfa4f741",
            "assign_ipv6_address_on_creation": false,
            "availability_zone": "us-east-1c",
            "availability_zone_id": "use1-az2",
            "cidr_block": "10.0.3.0/24",
            "customer_owned_ipv4_pool": "",
            "enable_dns64": false,
            "enable_resource_name_dns_a_record_on_launch": false,
            "enable_resource_name_dns_aaaa_record_on_launch": false,
            "id": "subnet-0b56533e4bfa4f741",
            "ipv6_cidr_block": "",
            "ipv6_cidr_block_association_id": "",
            "ipv6_native": false,
            "map_customer_owned_ip_on_launch": false,
            "map_public_ip_on_launch": false,
            "outpost_arn": "",
            "owner_id": "159084421067",
            "private_dns_hostname_type_on_launch": "ip-name",
            "tags": {
              "Name": "vpc-ecs-private-us-east-1c"
            },
            "tags_all": {
              "Name": "vpc-ecs-private-us-east-1c"
            },
            "timeouts": null,
            "vpc_id": "vpc-06c50e2c4ff65f812"
          },
          "sensitive_attributes": [],
          "private": "eyJlMmJmYjczMC1lY2FhLTExZTYtOGY4OC0zNDM2M2JjN2M0YzAiOnsiY3JlYXRlIjo2MDAwMDAwMDAwMDAsImRlbGV0ZSI6MTIwMDAwMDAwMDAwMH0sInNjaGVtYV92ZXJzaW9uIjoiMSJ9",
          "dependencies": [
            "module.infrastructure.module.vpc.aws_vpc.this",
            "module.infrastructure.module.vpc.aws_vpc_ipv4_cidr_block_association.this"
          ]
        }
      ]
    },
    {
      "module": "module.infrastructure.module.vpc",
      "mode": "managed",
      "type": "aws_subnet",
      "name": "public",
      "provider": "module.infrastructure.provider[\"registry.terraform.io/hashicorp/aws\"]",
      "instances": [
        {
          "index_key": 0,
          "schema_version": 1,
          "attributes": {
            "arn": "arn:aws:ec2:us-east-1:159084421067:subnet/subnet-026e0f159c51c53b1",
            "assign_ipv6_address_on_creation": false,
            "availability_zone": "us-east-1a",
            "availability_zone_id": "use1-az6",
            "cidr_block": "10.0.101.0/24",
            "customer_owned_ipv4_pool": "",
            "enable_dns64": false,
            "enable_resource_name_dns_a_record_on_launch": false,
            "enable_resource_name_dns_aaaa_record_on_launch": false,
            "id": "subnet-026e0f159c51c53b1",
            "ipv6_cidr_block": "",
            "ipv6_cidr_block_association_id": "",
            "ipv6_native": false,
            "map_customer_owned_ip_on_launch": false,
            "map_public_ip_on_launch": true,
            "outpost_arn": "",
            "owner_id": "159084421067",
            "private_dns_hostname_type_on_launch": "ip-name",
            "tags": {
              "Name": "vpc-ecs-public-us-east-1a"
            },
            "tags_all": {
              "Name": "vpc-ecs-public-us-east-1a"
            },
            "timeouts": null,
            "vpc_id": "vpc-06c50e2c4ff65f812"
          },
          "sensitive_attributes": [],
          "private": "eyJlMmJmYjczMC1lY2FhLTExZTYtOGY4OC0zNDM2M2JjN2M0YzAiOnsiY3JlYXRlIjo2MDAwMDAwMDAwMDAsImRlbGV0ZSI6MTIwMDAwMDAwMDAwMH0sInNjaGVtYV92ZXJzaW9uIjoiMSJ9",
          "dependencies": [
            "module.infrastructure.module.vpc.aws_vpc.this",
            "module.infrastructure.module.vpc.aws_vpc_ipv4_cidr_block_association.this"
          ]
        },
        {
          "index_key": 1,
          "schema_version": 1,
          "attributes": {
            "arn": "arn:aws:ec2:us-east-1:159084421067:subnet/subnet-0607cdc2e8412e94c",
            "assign_ipv6_address_on_creation": false,
            "availability_zone": "us-east-1b",
            "availability_zone_id": "use1-az1",
            "cidr_block": "10.0.102.0/24",
            "customer_owned_ipv4_pool": "",
            "enable_dns64": false,
            "enable_resource_name_dns_a_record_on_launch": false,
            "enable_resource_name_dns_aaaa_record_on_launch": false,
            "id": "subnet-0607cdc2e8412e94c",
            "ipv6_cidr_block": "",
            "ipv6_cidr_block_association_id": "",
            "ipv6_native": false,
            "map_customer_owned_ip_on_launch": false,
            "map_public_ip_on_launch": true,
            "outpost_arn": "",
            "owner_id": "159084421067",
            "private_dns_hostname_type_on_launch": "ip-name",
            "tags": {
              "Name": "vpc-ecs-public-us-east-1b"
            },
            "tags_all": {
              "Name": "vpc-ecs-public-us-east-1b"
            },
            "timeouts": null,
            "vpc_id": "vpc-06c50e2c4ff65f812"
          },
          "sensitive_attributes": [],
          "private": "eyJlMmJmYjczMC1lY2FhLTExZTYtOGY4OC0zNDM2M2JjN2M0YzAiOnsiY3JlYXRlIjo2MDAwMDAwMDAwMDAsImRlbGV0ZSI6MTIwMDAwMDAwMDAwMH0sInNjaGVtYV92ZXJzaW9uIjoiMSJ9",
          "dependencies": [
            "module.infrastructure.module.vpc.aws_vpc.this",
            "module.infrastructure.module.vpc.aws_vpc_ipv4_cidr_block_association.this"
          ]
        },
        {
          "index_key": 2,
          "schema_version": 1,
          "attributes": {
            "arn": "arn:aws:ec2:us-east-1:159084421067:subnet/subnet-0fc537fc31e90b3e8",
            "assign_ipv6_address_on_creation": false,
            "availability_zone": "us-east-1c",
            "availability_zone_id": "use1-az2",
            "cidr_block": "10.0.103.0/24",
            "customer_owned_ipv4_pool": "",
            "enable_dns64": false,
            "enable_resource_name_dns_a_record_on_launch": false,
            "enable_resource_name_dns_aaaa_record_on_launch": false,
            "id": "subnet-0fc537fc31e90b3e8",
            "ipv6_cidr_block": "",
            "ipv6_cidr_block_association_id": "",
            "ipv6_native": false,
            "map_customer_owned_ip_on_launch": false,
            "map_public_ip_on_launch": true,
            "outpost_arn": "",
            "owner_id": "159084421067",
            "private_dns_hostname_type_on_launch": "ip-name",
            "tags": {
              "Name": "vpc-ecs-public-us-east-1c"
            },
            "tags_all": {
              "Name": "vpc-ecs-public-us-east-1c"
            },
            "timeouts": null,
            "vpc_id": "vpc-06c50e2c4ff65f812"
          },
          "sensitive_attributes": [],
          "private": "eyJlMmJmYjczMC1lY2FhLTExZTYtOGY4OC0zNDM2M2JjN2M0YzAiOnsiY3JlYXRlIjo2MDAwMDAwMDAwMDAsImRlbGV0ZSI6MTIwMDAwMDAwMDAwMH0sInNjaGVtYV92ZXJzaW9uIjoiMSJ9",
          "dependencies": [
            "module.infrastructure.module.vpc.aws_vpc.this",
            "module.infrastructure.module.vpc.aws_vpc_ipv4_cidr_block_association.this"
          ]
        }
      ]
    },
    {
      "module": "module.infrastructure.module.vpc",
      "mode": "managed",
      "type": "aws_vpc",
      "name": "this",
      "provider": "module.infrastructure.provider[\"registry.terraform.io/hashicorp/aws\"]",
      "instances": [
        {
          "index_key": 0,
          "schema_version": 1,
          "attributes": {
            "arn": "arn:aws:ec2:us-east-1:159084421067:vpc/vpc-06c50e2c4ff65f812",
            "assign_generated_ipv6_cidr_block": false,
            "cidr_block": "10.0.0.0/16",
            "default_network_acl_id": "acl-0ddae3e054cfd08fe",
            "default_route_table_id": "rtb-0f16af3ac981d1af7",
            "default_security_group_id": "sg-089403a84c7eb0b20",
            "dhcp_options_id": "dopt-0ad9c44780816ccf2",
            "enable_classiclink": false,
            "enable_classiclink_dns_support": false,
            "enable_dns_hostnames": false,
            "enable_dns_support": true,
            "enable_network_address_usage_metrics": false,
            "id": "vpc-06c50e2c4ff65f812",
            "instance_tenancy": "default",
            "ipv4_ipam_pool_id": null,
            "ipv4_netmask_length": null,
            "ipv6_association_id": "",
            "ipv6_cidr_block": "",
            "ipv6_cidr_block_network_border_group": "",
            "ipv6_ipam_pool_id": "",
            "ipv6_netmask_length": 0,
            "main_route_table_id": "rtb-0f16af3ac981d1af7",
            "owner_id": "159084421067",
            "tags": {
              "Name": "vpc-ecs"
            },
            "tags_all": {
              "Name": "vpc-ecs"
            }
          },
          "sensitive_attributes": [],
          "private": "eyJzY2hlbWFfdmVyc2lvbiI6IjEifQ=="
        }
      ]
    }
  ],
  "check_results": null
}
